
Microsoft Visual Studio Solution File, Format Version 12.00
# Visual Studio Version 17
VisualStudioVersion = 17.11.35219.272
MinimumVisualStudioVersion = 10.0.40219.1
Project("{FAE04EC0-301F-11D3-BF4B-00C04F79EFBC}") = "VCardQRCodeGenerator", "VCardQRCodeGenerator\VCardQRCodeGenerator.csproj", "{76FB2D1E-F718-4ED3-A109-AFC5DCD275FE}"
EndProject
Global
	GlobalSection(SolutionConfigurationPlatforms) = preSolution
		Debug|Any CPU = Debug|Any CPU
		Release|Any CPU = Release|Any CPU
	EndGlobalSection
	GlobalSection(ProjectConfigurationPlatforms) = postSolution
		{76FB2D1E-F718-4ED3-A109-AFC5DCD275FE}.Debug|Any CPU.ActiveCfg = Debug|Any CPU
		{76FB2D1E-F718-4ED3-A109-AFC5DCD275FE}.Debug|Any CPU.Build.0 = Debug|Any CPU
		{76FB2D1E-F718-4ED3-A109-AFC5DCD275FE}.Release|Any CPU.ActiveCfg = Release|Any CPU
		{76FB2D1E-F718-4ED3-A109-AFC5DCD275FE}.Release|Any CPU.Build.0 = Release|Any CPU
	EndGlobalSection
	GlobalSection(SolutionProperties) = preSolution
		HideSolutionNode = FALSE
	EndGlobalSection
	GlobalSection(ExtensibilityGlobals) = postSolution
		SolutionGuid = {12E5D2D7-6686-452C-B324-2775312C3C85}
	EndGlobalSection
EndGlobal
